
Microsoft Visual Studio Solution File, Format Version 12.00
# Visual Studio Version 16
VisualStudioVersion = 16.0.31829.152
MinimumVisualStudioVersion = 10.0.40219.1
Project("{FAE04EC0-301F-11D3-BF4B-00C04F79EFBC}") = "SampleBlazor", "SampleBlazor.csproj", "{5B5C4CDE-D2FF-4592-947A-EEA6D8121690}"
EndProject
Global
	GlobalSection(SolutionConfigurationPlatforms) = preSolution
		Debug|Any CPU = Debug|Any CPU
		Release|Any CPU = Release|Any CPU
	EndGlobalSection
	GlobalSection(ProjectConfigurationPlatforms) = postSolution
		{5B5C4CDE-D2FF-4592-947A-EEA6D8121690}.Debug|Any CPU.ActiveCfg = Debug|Any CPU
		{5B5C4CDE-D2FF-4592-947A-EEA6D8121690}.Debug|Any CPU.Build.0 = Debug|Any CPU
		{5B5C4CDE-D2FF-4592-947A-EEA6D8121690}.Release|Any CPU.ActiveCfg = Release|Any CPU
		{5B5C4CDE-D2FF-4592-947A-EEA6D8121690}.Release|Any CPU.Build.0 = Release|Any CPU
	EndGlobalSection
	GlobalSection(SolutionProperties) = preSolution
		HideSolutionNode = FALSE
	EndGlobalSection
	GlobalSection(ExtensibilityGlobals) = postSolution
		SolutionGuid = {CFF73A2E-7B5E-4057-9C0F-32DE3417B27C}
	EndGlobalSection
EndGlobal
